
Microsoft Visual Studio Solution File, Format Version 12.00
# Visual Studio Version 17
VisualStudioVersion = 17.9.34728.123
MinimumVisualStudioVersion = 10.0.40219.1
Project("{8BC9CEB8-8B4A-11D0-8D11-00A0C91BC942}") = "Project3", "Project3.vcxproj", "{CA6EA0BA-E3EA-4506-8A49-82A1A3A26BDA}"
EndProject
Global
	GlobalSection(SolutionConfigurationPlatforms) = preSolution
		Debug|x64 = Debug|x64
		Debug|x86 = Debug|x86
		Release|x64 = Release|x64
		Release|x86 = Release|x86
	EndGlobalSection
	GlobalSection(ProjectConfigurationPlatforms) = postSolution
		{CA6EA0BA-E3EA-4506-8A49-82A1A3A26BDA}.Debug|x64.ActiveCfg = Debug|x64
		{CA6EA0BA-E3EA-4506-8A49-82A1A3A26BDA}.Debug|x64.Build.0 = Debug|x64
		{CA6EA0BA-E3EA-4506-8A49-82A1A3A26BDA}.Debug|x86.ActiveCfg = Debug|Win32
		{CA6EA0BA-E3EA-4506-8A49-82A1A3A26BDA}.Debug|x86.Build.0 = Debug|Win32
		{CA6EA0BA-E3EA-4506-8A49-82A1A3A26BDA}.Release|x64.ActiveCfg = Release|x64
		{CA6EA0BA-E3EA-4506-8A49-82A1A3A26BDA}.Release|x64.Build.0 = Release|x64
		{CA6EA0BA-E3EA-4506-8A49-82A1A3A26BDA}.Release|x86.ActiveCfg = Release|Win32
		{CA6EA0BA-E3EA-4506-8A49-82A1A3A26BDA}.Release|x86.Build.0 = Release|Win32
	EndGlobalSection
	GlobalSection(SolutionProperties) = preSolution
		HideSolutionNode = FALSE
	EndGlobalSection
	GlobalSection(ExtensibilityGlobals) = postSolution
		SolutionGuid = {FB723970-9F3C-4A4C-9305-0F6B9EE011EA}
	EndGlobalSection
EndGlobal
